// !$*UTF8*$!
{
	archiveVersion = 1;
	classes = {
	};
	objectVersion = 56;
	objects = {

/* Begin PBXBuildFile section */
		89F6670F29E7BE92004FA873 /* SplitDemoUITests.swift in Sources */ = {isa = PBXBuildFile; fileRef = 89F6670E29E7BE92004FA873 /* SplitDemoUITests.swift */; };
		89F6671129E7BE92004FA873 /* SplitDemoUITestsLaunchTests.swift in Sources */ = {isa = PBXBuildFile; fileRef = 89F6671029E7BE92004FA873 /* SplitDemoUITestsLaunchTests.swift */; };
		89F6671A29E8767A004FA873 /* UIIdentifiers.swift in Sources */ = {isa = PBXBuildFile; fileRef = 89F6671929E8767A004FA873 /* UIIdentifiers.swift */; };
		AAD5CF7329956D1C00F94B1D /* SplitDemo.swift in Sources */ = {isa = PBXBuildFile; fileRef = AAD5CF7229956D1C00F94B1D /* SplitDemo.swift */; };
		AAD5CF7529956D1C00F94B1D /* DemoApp.swift in Sources */ = {isa = PBXBuildFile; fileRef = AAD5CF7429956D1C00F94B1D /* DemoApp.swift */; };
		AAD5CF7729956D1D00F94B1D /* Assets.xcassets in Resources */ = {isa = PBXBuildFile; fileRef = AAD5CF7629956D1D00F94B1D /* Assets.xcassets */; };
		AAD5CF7A29956D1D00F94B1D /* Preview Assets.xcassets in Resources */ = {isa = PBXBuildFile; fileRef = AAD5CF7929956D1D00F94B1D /* Preview Assets.xcassets */; };
		AAD5CF8229956D8500F94B1D /* SplitView in Frameworks */ = {isa = PBXBuildFile; productRef = AAD5CF8129956D8500F94B1D /* SplitView */; };
		AAF9E0C62996F5CE00EDD306 /* DemoModel.swift in Sources */ = {isa = PBXBuildFile; fileRef = AAF9E0C52996F5CE00EDD306 /* DemoModel.swift */; };
		AAF9E0C82996F80900EDD306 /* DemoToolbar.swift in Sources */ = {isa = PBXBuildFile; fileRef = AAF9E0C72996F80900EDD306 /* DemoToolbar.swift */; };
		AAF9E0CA2996F85A00EDD306 /* DemoSplitter.swift in Sources */ = {isa = PBXBuildFile; fileRef = AAF9E0C92996F85A00EDD306 /* DemoSplitter.swift */; };
/* End PBXBuildFile section */

/* Begin PBXContainerItemProxy section */
		89F6671229E7BE92004FA873 /* PBXContainerItemProxy */ = {
			isa = PBXContainerItemProxy;
			containerPortal = AAD5CF6729956D1C00F94B1D /* Project object */;
			proxyType = 1;
			remoteGlobalIDString = AAD5CF6E29956D1C00F94B1D;
			remoteInfo = SplitDemo;
		};
/* End PBXContainerItemProxy section */

/* Begin PBXFileReference section */
		89F6670C29E7BE92004FA873 /* SplitDemoUITests.xctest */ = {isa = PBXFileReference; explicitFileType = wrapper.cfbundle; includeInIndex = 0; path = SplitDemoUITests.xctest; sourceTree = BUILT_PRODUCTS_DIR; };
		89F6670E29E7BE92004FA873 /* SplitDemoUITests.swift */ = {isa = PBXFileReference; lastKnownFileType = sourcecode.swift; path = SplitDemoUITests.swift; sourceTree = "<group>"; };
		89F6671029E7BE92004FA873 /* SplitDemoUITestsLaunchTests.swift */ = {isa = PBXFileReference; lastKnownFileType = sourcecode.swift; path = SplitDemoUITestsLaunchTests.swift; sourceTree = "<group>"; };
		89F6671929E8767A004FA873 /* UIIdentifiers.swift */ = {isa = PBXFileReference; lastKnownFileType = sourcecode.swift; path = UIIdentifiers.swift; sourceTree = "<group>"; };
		AAC4D89C29956F14005FDD5C /* Info.plist */ = {isa = PBXFileReference; lastKnownFileType = text.plist; path = Info.plist; sourceTree = "<group>"; };
		AAD5CF6F29956D1C00F94B1D /* SplitDemo.app */ = {isa = PBXFileReference; explicitFileType = wrapper.application; includeInIndex = 0; path = SplitDemo.app; sourceTree = BUILT_PRODUCTS_DIR; };
		AAD5CF7229956D1C00F94B1D /* SplitDemo.swift */ = {isa = PBXFileReference; lastKnownFileType = sourcecode.swift; path = SplitDemo.swift; sourceTree = "<group>"; };
		AAD5CF7429956D1C00F94B1D /* DemoApp.swift */ = {isa = PBXFileReference; lastKnownFileType = sourcecode.swift; path = DemoApp.swift; sourceTree = "<group>"; };
		AAD5CF7629956D1D00F94B1D /* Assets.xcassets */ = {isa = PBXFileReference; lastKnownFileType = folder.assetcatalog; path = Assets.xcassets; sourceTree = "<group>"; };
		AAD5CF7929956D1D00F94B1D /* Preview Assets.xcassets */ = {isa = PBXFileReference; lastKnownFileType = folder.assetcatalog; path = "Preview Assets.xcassets"; sourceTree = "<group>"; };
		AAD5CF8329956E3300F94B1D /* SplitDemo.entitlements */ = {isa = PBXFileReference; lastKnownFileType = text.plist.entitlements; path = SplitDemo.entitlements; sourceTree = "<group>"; };
		AAF9E0C52996F5CE00EDD306 /* DemoModel.swift */ = {isa = PBXFileReference; lastKnownFileType = sourcecode.swift; path = DemoModel.swift; sourceTree = "<group>"; };
		AAF9E0C72996F80900EDD306 /* DemoToolbar.swift */ = {isa = PBXFileReference; lastKnownFileType = sourcecode.swift; path = DemoToolbar.swift; sourceTree = "<group>"; };
		AAF9E0C92996F85A00EDD306 /* DemoSplitter.swift */ = {isa = PBXFileReference; lastKnownFileType = sourcecode.swift; path = DemoSplitter.swift; sourceTree = "<group>"; };
/* End PBXFileReference section */

/* Begin PBXFrameworksBuildPhase section */
		89F6670929E7BE92004FA873 /* Frameworks */ = {
			isa = PBXFrameworksBuildPhase;
			buildActionMask = 2147483647;
			files = (
			);
			runOnlyForDeploymentPostprocessing = 0;
		};
		AAD5CF6C29956D1C00F94B1D /* Frameworks */ = {
			isa = PBXFrameworksBuildPhase;
			buildActionMask = 2147483647;
			files = (
				AAD5CF8229956D8500F94B1D /* SplitView in Frameworks */,
			);
			runOnlyForDeploymentPostprocessing = 0;
		};
/* End PBXFrameworksBuildPhase section */

/* Begin PBXGroup section */
		89F6670D29E7BE92004FA873 /* SplitDemoUITests */ = {
			isa = PBXGroup;
			children = (
				89F6670E29E7BE92004FA873 /* SplitDemoUITests.swift */,
				89F6671029E7BE92004FA873 /* SplitDemoUITestsLaunchTests.swift */,
				89F6671929E8767A004FA873 /* UIIdentifiers.swift */,
			);
			path = SplitDemoUITests;
			sourceTree = "<group>";
		};
		AAD5CF6629956D1C00F94B1D = {
			isa = PBXGroup;
			children = (
				AAD5CF7129956D1C00F94B1D /* SplitDemo */,
				89F6670D29E7BE92004FA873 /* SplitDemoUITests */,
				AAD5CF7029956D1C00F94B1D /* Products */,
			);
			sourceTree = "<group>";
		};
		AAD5CF7029956D1C00F94B1D /* Products */ = {
			isa = PBXGroup;
			children = (
				AAD5CF6F29956D1C00F94B1D /* SplitDemo.app */,
				89F6670C29E7BE92004FA873 /* SplitDemoUITests.xctest */,
			);
			name = Products;
			sourceTree = "<group>";
		};
		AAD5CF7129956D1C00F94B1D /* SplitDemo */ = {
			isa = PBXGroup;
			children = (
				AAC4D89C29956F14005FDD5C /* Info.plist */,
				AAD5CF8329956E3300F94B1D /* SplitDemo.entitlements */,
				AAD5CF7229956D1C00F94B1D /* SplitDemo.swift */,
				AAD5CF7429956D1C00F94B1D /* DemoApp.swift */,
				AAF9E0C52996F5CE00EDD306 /* DemoModel.swift */,
				AAF9E0C92996F85A00EDD306 /* DemoSplitter.swift */,
				AAF9E0C72996F80900EDD306 /* DemoToolbar.swift */,
				AAD5CF7629956D1D00F94B1D /* Assets.xcassets */,
				AAD5CF7829956D1D00F94B1D /* Preview Content */,
			);
			path = SplitDemo;
			sourceTree = "<group>";
		};
		AAD5CF7829956D1D00F94B1D /* Preview Content */ = {
			isa = PBXGroup;
			children = (
				AAD5CF7929956D1D00F94B1D /* Preview Assets.xcassets */,
			);
			path = "Preview Content";
			sourceTree = "<group>";
		};
/* End PBXGroup section */

/* Begin PBXNativeTarget section */
		89F6670B29E7BE92004FA873 /* SplitDemoUITests */ = {
			isa = PBXNativeTarget;
			buildConfigurationList = 89F6671629E7BE92004FA873 /* Build configuration list for PBXNativeTarget "SplitDemoUITests" */;
			buildPhases = (
				89F6670829E7BE92004FA873 /* Sources */,
				89F6670929E7BE92004FA873 /* Frameworks */,
				89F6670A29E7BE92004FA873 /* Resources */,
			);
			buildRules = (
			);
			dependencies = (
				89F6671329E7BE92004FA873 /* PBXTargetDependency */,
			);
			name = SplitDemoUITests;
			productName = SplitDemoUITests;
			productReference = 89F6670C29E7BE92004FA873 /* SplitDemoUITests.xctest */;
			productType = "com.apple.product-type.bundle.ui-testing";
		};
		AAD5CF6E29956D1C00F94B1D /* SplitDemo */ = {
			isa = PBXNativeTarget;
			buildConfigurationList = AAD5CF7D29956D1D00F94B1D /* Build configuration list for PBXNativeTarget "SplitDemo" */;
			buildPhases = (
				AAD5CF6B29956D1C00F94B1D /* Sources */,
				AAD5CF6C29956D1C00F94B1D /* Frameworks */,
				AAD5CF6D29956D1C00F94B1D /* Resources */,
			);
			buildRules = (
			);
			dependencies = (
			);
			name = SplitDemo;
			packageProductDependencies = (
				AAD5CF8129956D8500F94B1D /* SplitView */,
			);
			productName = Example;
			productReference = AAD5CF6F29956D1C00F94B1D /* SplitDemo.app */;
			productType = "com.apple.product-type.application";
		};
/* End PBXNativeTarget section */

/* Begin PBXProject section */
		AAD5CF6729956D1C00F94B1D /* Project object */ = {
			isa = PBXProject;
			attributes = {
				BuildIndependentTargetsInParallel = 1;
				LastSwiftUpdateCheck = 1430;
				LastUpgradeCheck = 1420;
				TargetAttributes = {
					89F6670B29E7BE92004FA873 = {
						CreatedOnToolsVersion = 14.3;
						TestTargetID = AAD5CF6E29956D1C00F94B1D;
					};
					AAD5CF6E29956D1C00F94B1D = {
						CreatedOnToolsVersion = 14.2;
					};
				};
			};
			buildConfigurationList = AAD5CF6A29956D1C00F94B1D /* Build configuration list for PBXProject "SplitDemo" */;
			compatibilityVersion = "Xcode 14.0";
			developmentRegion = en;
			hasScannedForEncodings = 0;
			knownRegions = (
				en,
				Base,
			);
			mainGroup = AAD5CF6629956D1C00F94B1D;
			packageReferences = (
				AAD5CF8029956D8500F94B1D /* XCRemoteSwiftPackageReference "SplitView" */,
			);
			productRefGroup = AAD5CF7029956D1C00F94B1D /* Products */;
			projectDirPath = "";
			projectRoot = "";
			targets = (
				AAD5CF6E29956D1C00F94B1D /* SplitDemo */,
				89F6670B29E7BE92004FA873 /* SplitDemoUITests */,
			);
		};
/* End PBXProject section */

/* Begin PBXResourcesBuildPhase section */
		89F6670A29E7BE92004FA873 /* Resources */ = {
			isa = PBXResourcesBuildPhase;
			buildActionMask = 2147483647;
			files = (
			);
			runOnlyForDeploymentPostprocessing = 0;
		};
		AAD5CF6D29956D1C00F94B1D /* Resources */ = {
			isa = PBXResourcesBuildPhase;
			buildActionMask = 2147483647;
			files = (
				AAD5CF7A29956D1D00F94B1D /* Preview Assets.xcassets in Resources */,
				AAD5CF7729956D1D00F94B1D /* Assets.xcassets in Resources */,
			);
			runOnlyForDeploymentPostprocessing = 0;
		};
/* End PBXResourcesBuildPhase section */

/* Begin PBXSourcesBuildPhase section */
		89F6670829E7BE92004FA873 /* Sources */ = {
			isa = PBXSourcesBuildPhase;
			buildActionMask = 2147483647;
			files = (
				89F6671129E7BE92004FA873 /* SplitDemoUITestsLaunchTests.swift in Sources */,
				89F6671A29E8767A004FA873 /* UIIdentifiers.swift in Sources */,
				89F6670F29E7BE92004FA873 /* SplitDemoUITests.swift in Sources */,
			);
			runOnlyForDeploymentPostprocessing = 0;
		};
		AAD5CF6B29956D1C00F94B1D /* Sources */ = {
			isa = PBXSourcesBuildPhase;
			buildActionMask = 2147483647;
			files = (
				AAF9E0CA2996F85A00EDD306 /* DemoSplitter.swift in Sources */,
				AAF9E0C82996F80900EDD306 /* DemoToolbar.swift in Sources */,
				AAD5CF7529956D1C00F94B1D /* DemoApp.swift in Sources */,
				AAF9E0C62996F5CE00EDD306 /* DemoModel.swift in Sources */,
				AAD5CF7329956D1C00F94B1D /* SplitDemo.swift in Sources */,
			);
			runOnlyForDeploymentPostprocessing = 0;
		};
/* End PBXSourcesBuildPhase section */

/* Begin PBXTargetDependency section */
		89F6671329E7BE92004FA873 /* PBXTargetDependency */ = {
			isa = PBXTargetDependency;
			target = AAD5CF6E29956D1C00F94B1D /* SplitDemo */;
			targetProxy = 89F6671229E7BE92004FA873 /* PBXContainerItemProxy */;
		};
/* End PBXTargetDependency section */

/* Begin XCBuildConfiguration section */
		89F6671429E7BE92004FA873 /* Debug */ = {
			isa = XCBuildConfiguration;
			buildSettings = {
				CODE_SIGN_STYLE = Automatic;
				CURRENT_PROJECT_VERSION = 1;
				GENERATE_INFOPLIST_FILE = YES;
				MACOSX_DEPLOYMENT_TARGET = 13.2;
				MARKETING_VERSION = 1.0;
				PRODUCT_BUNDLE_IDENTIFIER = com.cchau.SplitDemoUITests;
				PRODUCT_NAME = "$(TARGET_NAME)";
				SDKROOT = macosx;
				SWIFT_EMIT_LOC_STRINGS = NO;
				SWIFT_VERSION = 5.0;
				TEST_TARGET_NAME = SplitDemo;
			};
			name = Debug;
		};
		89F6671529E7BE92004FA873 /* Release */ = {
			isa = XCBuildConfiguration;
			buildSettings = {
				CODE_SIGN_STYLE = Automatic;
				CURRENT_PROJECT_VERSION = 1;
				GENERATE_INFOPLIST_FILE = YES;
				MACOSX_DEPLOYMENT_TARGET = 13.2;
				MARKETING_VERSION = 1.0;
				PRODUCT_BUNDLE_IDENTIFIER = com.cchau.SplitDemoUITests;
				PRODUCT_NAME = "$(TARGET_NAME)";
				SDKROOT = macosx;
				SWIFT_EMIT_LOC_STRINGS = NO;
				SWIFT_VERSION = 5.0;
				TEST_TARGET_NAME = SplitDemo;
			};
			name = Release;
		};
		AAD5CF7B29956D1D00F94B1D /* Debug */ = {
			isa = XCBuildConfiguration;
			buildSettings = {
				ALWAYS_SEARCH_USER_PATHS = NO;
				CLANG_ANALYZER_NONNULL = YES;
				CLANG_ANALYZER_NUMBER_OBJECT_CONVERSION = YES_AGGRESSIVE;
				CLANG_CXX_LANGUAGE_STANDARD = "gnu++20";
				CLANG_ENABLE_MODULES = YES;
				CLANG_ENABLE_OBJC_ARC = YES;
				CLANG_ENABLE_OBJC_WEAK = YES;
				CLANG_WARN_BLOCK_CAPTURE_AUTORELEASING = YES;
				CLANG_WARN_BOOL_CONVERSION = YES;
				CLANG_WARN_COMMA = YES;
				CLANG_WARN_CONSTANT_CONVERSION = YES;
				CLANG_WARN_DEPRECATED_OBJC_IMPLEMENTATIONS = YES;
				CLANG_WARN_DIRECT_OBJC_ISA_USAGE = YES_ERROR;
				CLANG_WARN_DOCUMENTATION_COMMENTS = YES;
				CLANG_WARN_EMPTY_BODY = YES;
				CLANG_WARN_ENUM_CONVERSION = YES;
				CLANG_WARN_INFINITE_RECURSION = YES;
				CLANG_WARN_INT_CONVERSION = YES;
				CLANG_WARN_NON_LITERAL_NULL_CONVERSION = YES;
				CLANG_WARN_OBJC_IMPLICIT_RETAIN_SELF = YES;
				CLANG_WARN_OBJC_LITERAL_CONVERSION = YES;
				CLANG_WARN_OBJC_ROOT_CLASS = YES_ERROR;
				CLANG_WARN_QUOTED_INCLUDE_IN_FRAMEWORK_HEADER = YES;
				CLANG_WARN_RANGE_LOOP_ANALYSIS = YES;
				CLANG_WARN_STRICT_PROTOTYPES = YES;
				CLANG_WARN_SUSPICIOUS_MOVE = YES;
				CLANG_WARN_UNGUARDED_AVAILABILITY = YES_AGGRESSIVE;
				CLANG_WARN_UNREACHABLE_CODE = YES;
				CLANG_WARN__DUPLICATE_METHOD_MATCH = YES;
				COPY_PHASE_STRIP = NO;
				DEBUG_INFORMATION_FORMAT = dwarf;
				ENABLE_STRICT_OBJC_MSGSEND = YES;
				ENABLE_TESTABILITY = YES;
				GCC_C_LANGUAGE_STANDARD = gnu11;
				GCC_DYNAMIC_NO_PIC = NO;
				GCC_NO_COMMON_BLOCKS = YES;
				GCC_OPTIMIZATION_LEVEL = 0;
				GCC_PREPROCESSOR_DEFINITIONS = (
					"DEBUG=1",
					"$(inherited)",
				);
				GCC_WARN_64_TO_32_BIT_CONVERSION = YES;
				GCC_WARN_ABOUT_RETURN_TYPE = YES_ERROR;
				GCC_WARN_UNDECLARED_SELECTOR = YES;
				GCC_WARN_UNINITIALIZED_AUTOS = YES_AGGRESSIVE;
				GCC_WARN_UNUSED_FUNCTION = YES;
				GCC_WARN_UNUSED_VARIABLE = YES;
				IPHONEOS_DEPLOYMENT_TARGET = 15.6;
				MACOSX_DEPLOYMENT_TARGET = 12.4;
				MTL_ENABLE_DEBUG_INFO = INCLUDE_SOURCE;
				MTL_FAST_MATH = YES;
				ONLY_ACTIVE_ARCH = YES;
				SDKROOT = iphoneos;
				SWIFT_ACTIVE_COMPILATION_CONDITIONS = DEBUG;
				SWIFT_OPTIMIZATION_LEVEL = "-Onone";
			};
			name = Debug;
		};
		AAD5CF7C29956D1D00F94B1D /* Release */ = {
			isa = XCBuildConfiguration;
			buildSettings = {
				ALWAYS_SEARCH_USER_PATHS = NO;
				CLANG_ANALYZER_NONNULL = YES;
				CLANG_ANALYZER_NUMBER_OBJECT_CONVERSION = YES_AGGRESSIVE;
				CLANG_CXX_LANGUAGE_STANDARD = "gnu++20";
				CLANG_ENABLE_MODULES = YES;
				CLANG_ENABLE_OBJC_ARC = YES;
				CLANG_ENABLE_OBJC_WEAK = YES;
				CLANG_WARN_BLOCK_CAPTURE_AUTORELEASING = YES;
				CLANG_WARN_BOOL_CONVERSION = YES;
				CLANG_WARN_COMMA = YES;
				CLANG_WARN_CONSTANT_CONVERSION = YES;
				CLANG_WARN_DEPRECATED_OBJC_IMPLEMENTATIONS = YES;
				CLANG_WARN_DIRECT_OBJC_ISA_USAGE = YES_ERROR;
				CLANG_WARN_DOCUMENTATION_COMMENTS = YES;
				CLANG_WARN_EMPTY_BODY = YES;
				CLANG_WARN_ENUM_CONVERSION = YES;
				CLANG_WARN_INFINITE_RECURSION = YES;
				CLANG_WARN_INT_CONVERSION = YES;
				CLANG_WARN_NON_LITERAL_NULL_CONVERSION = YES;
				CLANG_WARN_OBJC_IMPLICIT_RETAIN_SELF = YES;
				CLANG_WARN_OBJC_LITERAL_CONVERSION = YES;
				CLANG_WARN_OBJC_ROOT_CLASS = YES_ERROR;
				CLANG_WARN_QUOTED_INCLUDE_IN_FRAMEWORK_HEADER = YES;
				CLANG_WARN_RANGE_LOOP_ANALYSIS = YES;
				CLANG_WARN_STRICT_PROTOTYPES = YES;
				CLANG_WARN_SUSPICIOUS_MOVE = YES;
				CLANG_WARN_UNGUARDED_AVAILABILITY = YES_AGGRESSIVE;
				CLANG_WARN_UNREACHABLE_CODE = YES;
				CLANG_WARN__DUPLICATE_METHOD_MATCH = YES;
				COPY_PHASE_STRIP = NO;
				DEBUG_INFORMATION_FORMAT = "dwarf-with-dsym";
				ENABLE_NS_ASSERTIONS = NO;
				ENABLE_STRICT_OBJC_MSGSEND = YES;
				GCC_C_LANGUAGE_STANDARD = gnu11;
				GCC_NO_COMMON_BLOCKS = YES;
				GCC_WARN_64_TO_32_BIT_CONVERSION = YES;
				GCC_WARN_ABOUT_RETURN_TYPE = YES_ERROR;
				GCC_WARN_UNDECLARED_SELECTOR = YES;
				GCC_WARN_UNINITIALIZED_AUTOS = YES_AGGRESSIVE;
				GCC_WARN_UNUSED_FUNCTION = YES;
				GCC_WARN_UNUSED_VARIABLE = YES;
				IPHONEOS_DEPLOYMENT_TARGET = 15.6;
				MACOSX_DEPLOYMENT_TARGET = 12.4;
				MTL_ENABLE_DEBUG_INFO = NO;
				MTL_FAST_MATH = YES;
				SDKROOT = iphoneos;
				SWIFT_COMPILATION_MODE = wholemodule;
				SWIFT_OPTIMIZATION_LEVEL = "-O";
				VALIDATE_PRODUCT = YES;
			};
			name = Release;
		};
		AAD5CF7E29956D1D00F94B1D /* Debug */ = {
			isa = XCBuildConfiguration;
			buildSettings = {
				ASSETCATALOG_COMPILER_APPICON_NAME = AppIcon;
				ASSETCATALOG_COMPILER_GLOBAL_ACCENT_COLOR_NAME = AccentColor;
				CODE_SIGN_ENTITLEMENTS = SplitDemo/SplitDemo.entitlements;
				CODE_SIGN_STYLE = Automatic;
				CURRENT_PROJECT_VERSION = 1;
				DEVELOPMENT_ASSET_PATHS = "\"SplitDemo/Preview Content\"";
				DEVELOPMENT_TEAM = "";
				ENABLE_PREVIEWS = YES;
				GENERATE_INFOPLIST_FILE = YES;
				INFOPLIST_FILE = SplitDemo/Info.plist;
				INFOPLIST_KEY_CFBundleDisplayName = "SplitView Demo";
				INFOPLIST_KEY_UIApplicationSupportsIndirectInputEvents = YES;
				INFOPLIST_KEY_UILaunchScreen_Generation = YES;
				INFOPLIST_KEY_UISupportedInterfaceOrientations_iPad = "UIInterfaceOrientationPortrait UIInterfaceOrientationPortraitUpsideDown UIInterfaceOrientationLandscapeLeft UIInterfaceOrientationLandscapeRight";
				INFOPLIST_KEY_UISupportedInterfaceOrientations_iPhone = "UIInterfaceOrientationPortrait UIInterfaceOrientationLandscapeLeft UIInterfaceOrientationLandscapeRight";
				IPHONEOS_DEPLOYMENT_TARGET = 15.6;
				LD_RUNPATH_SEARCH_PATHS = (
					"$(inherited)",
					"@executable_path/Frameworks",
				);
				MACOSX_DEPLOYMENT_TARGET = 12.4;
				MARKETING_VERSION = 1.0;
				PRODUCT_BUNDLE_IDENTIFIER = com.stevengharris.SplitDemo;
				PRODUCT_NAME = "$(TARGET_NAME)";
				SUPPORTED_PLATFORMS = "iphoneos iphonesimulator macosx";
				SUPPORTS_MACCATALYST = YES;
				SUPPORTS_MAC_DESIGNED_FOR_IPHONE_IPAD = NO;
				SWIFT_EMIT_LOC_STRINGS = YES;
				SWIFT_VERSION = 5.0;
				TARGETED_DEVICE_FAMILY = "1,2,6";
			};
			name = Debug;
		};
		AAD5CF7F29956D1D00F94B1D /* Release */ = {
			isa = XCBuildConfiguration;
			buildSettings = {
				ASSETCATALOG_COMPILER_APPICON_NAME = AppIcon;
				ASSETCATALOG_COMPILER_GLOBAL_ACCENT_COLOR_NAME = AccentColor;
				CODE_SIGN_ENTITLEMENTS = SplitDemo/SplitDemo.entitlements;
				CODE_SIGN_STYLE = Automatic;
				CURRENT_PROJECT_VERSION = 1;
				DEVELOPMENT_ASSET_PATHS = "\"SplitDemo/Preview Content\"";
				DEVELOPMENT_TEAM = "";
				ENABLE_PREVIEWS = YES;
				GENERATE_INFOPLIST_FILE = YES;
				INFOPLIST_FILE = SplitDemo/Info.plist;
				INFOPLIST_KEY_CFBundleDisplayName = "SplitView Demo";
				INFOPLIST_KEY_UIApplicationSupportsIndirectInputEvents = YES;
				INFOPLIST_KEY_UILaunchScreen_Generation = YES;
				INFOPLIST_KEY_UISupportedInterfaceOrientations_iPad = "UIInterfaceOrientationPortrait UIInterfaceOrientationPortraitUpsideDown UIInterfaceOrientationLandscapeLeft UIInterfaceOrientationLandscapeRight";
				INFOPLIST_KEY_UISupportedInterfaceOrientations_iPhone = "UIInterfaceOrientationPortrait UIInterfaceOrientationLandscapeLeft UIInterfaceOrientationLandscapeRight";
				IPHONEOS_DEPLOYMENT_TARGET = 15.6;
				LD_RUNPATH_SEARCH_PATHS = (
					"$(inherited)",
					"@executable_path/Frameworks",
				);
				MACOSX_DEPLOYMENT_TARGET = 12.4;
				MARKETING_VERSION = 1.0;
				PRODUCT_BUNDLE_IDENTIFIER = com.stevengharris.SplitDemo;
				PRODUCT_NAME = "$(TARGET_NAME)";
				SUPPORTED_PLATFORMS = "iphoneos iphonesimulator macosx";
				SUPPORTS_MACCATALYST = YES;
				SUPPORTS_MAC_DESIGNED_FOR_IPHONE_IPAD = NO;
				SWIFT_EMIT_LOC_STRINGS = YES;
				SWIFT_VERSION = 5.0;
				TARGETED_DEVICE_FAMILY = "1,2,6";
			};
			name = Release;
		};
/* End XCBuildConfiguration section */

/* Begin XCConfigurationList section */
		89F6671629E7BE92004FA873 /* Build configuration list for PBXNativeTarget "SplitDemoUITests" */ = {
			isa = XCConfigurationList;
			buildConfigurations = (
				89F6671429E7BE92004FA873 /* Debug */,
				89F6671529E7BE92004FA873 /* Release */,
			);
			defaultConfigurationIsVisible = 0;
			defaultConfigurationName = Release;
		};
		AAD5CF6A29956D1C00F94B1D /* Build configuration list for PBXProject "SplitDemo" */ = {
			isa = XCConfigurationList;
			buildConfigurations = (
				AAD5CF7B29956D1D00F94B1D /* Debug */,
				AAD5CF7C29956D1D00F94B1D /* Release */,
			);
			defaultConfigurationIsVisible = 0;
			defaultConfigurationName = Release;
		};
		AAD5CF7D29956D1D00F94B1D /* Build configuration list for PBXNativeTarget "SplitDemo" */ = {
			isa = XCConfigurationList;
			buildConfigurations = (
				AAD5CF7E29956D1D00F94B1D /* Debug */,
				AAD5CF7F29956D1D00F94B1D /* Release */,
			);
			defaultConfigurationIsVisible = 0;
			defaultConfigurationName = Release;
		};
/* End XCConfigurationList section */

/* Begin XCRemoteSwiftPackageReference section */
		AAD5CF8029956D8500F94B1D /* XCRemoteSwiftPackageReference "SplitView" */ = {
			isa = XCRemoteSwiftPackageReference;
			repositoryURL = "https://github.com/stevengharris/SplitView.git";
			requirement = {
				branch = main;
				kind = branch;
			};
		};
/* End XCRemoteSwiftPackageReference section */

/* Begin XCSwiftPackageProductDependency section */
		AAD5CF8129956D8500F94B1D /* SplitView */ = {
			isa = XCSwiftPackageProductDependency;
			package = AAD5CF8029956D8500F94B1D /* XCRemoteSwiftPackageReference "SplitView" */;
			productName = SplitView;
		};
/* End XCSwiftPackageProductDependency section */
	};
	rootObject = AAD5CF6729956D1C00F94B1D /* Project object */;
}
