{
  "pins" : [
    {
      "identity" : "splitview",
      "kind" : "remoteSourceControl",
      "location" : "https://github.com/stevengharris/SplitView.git",
      "state" : {
        "branch" : "main",
        "revision" : "c48cd621ca5d27398a8a59ca3b658f05d7a2a5be"
      }
    }
  ],
  "version" : 2
}
