{
  "pins" : [
    {
      "identity" : "splitview",
      "kind" : "remoteSourceControl",
      "location" : "https://github.com/stevengharris/SplitView.git",
      "state" : {
        "branch" : "main",
        "revision" : "999f9e23d66f8a4b0cfd4dbd567456aca06a6b0b"
      }
    }
  ],
  "version" : 2
}
